Microsoft Visual Studio Solution File, Format Version 9.00
# Visual Studio 2005
Project("{8BC9CEB8-8B4A-11D0-8D11-00A0C91BC942}") = "UI_Editor", "UI_Editor\UI_Editor.vcproj", "{4E82939D-B62D-419F-87A6-959FFC2FE8C3}"
	ProjectSection(ProjectDependencies) = postProject
		{2C4E88EC-66B2-4BBF-A5BF-772449A0FB98} = {2C4E88EC-66B2-4BBF-A5BF-772449A0FB98}
		{B05E1294-9142-4C98-81EE-699E5C20B50C} = {B05E1294-9142-4C98-81EE-699E5C20B50C}
		{2B44C802-4AD6-41AE-A24F-9BDBA8B1357C} = {2B44C802-4AD6-41AE-A24F-9BDBA8B1357C}
	EndProjectSection
EndProject
Project("{8BC9CEB8-8B4A-11D0-8D11-00A0C91BC942}") = "UserInt", "UserInt\UserInt.vcproj", "{2B44C802-4AD6-41AE-A24F-9BDBA8B1357C}"
EndProject
Project("{8BC9CEB8-8B4A-11D0-8D11-00A0C91BC942}") = "Graphics", "Graphics\Graphics.vcproj", "{B05E1294-9142-4C98-81EE-699E5C20B50C}"
EndProject
Project("{8BC9CEB8-8B4A-11D0-8D11-00A0C91BC942}") = "Lua", "Lua\Lua.vcproj", "{2C4E88EC-66B2-4BBF-A5BF-772449A0FB98}"
EndProject
Global
	GlobalSection(SolutionConfigurationPlatforms) = preSolution
		Debug|Win32 = Debug|Win32
		Release|Win32 = Release|Win32
	EndGlobalSection
	GlobalSection(ProjectConfigurationPlatforms) = postSolution
		{4E82939D-B62D-419F-87A6-959FFC2FE8C3}.Debug|Win32.ActiveCfg = Debug|Win32
		{4E82939D-B62D-419F-87A6-959FFC2FE8C3}.Debug|Win32.Build.0 = Debug|Win32
		{4E82939D-B62D-419F-87A6-959FFC2FE8C3}.Release|Win32.ActiveCfg = Release|Win32
		{4E82939D-B62D-419F-87A6-959FFC2FE8C3}.Release|Win32.Build.0 = Release|Win32
		{2B44C802-4AD6-41AE-A24F-9BDBA8B1357C}.Debug|Win32.ActiveCfg = Debug|Win32
		{2B44C802-4AD6-41AE-A24F-9BDBA8B1357C}.Debug|Win32.Build.0 = Debug|Win32
		{2B44C802-4AD6-41AE-A24F-9BDBA8B1357C}.Release|Win32.ActiveCfg = Release|Win32
		{2B44C802-4AD6-41AE-A24F-9BDBA8B1357C}.Release|Win32.Build.0 = Release|Win32
		{B05E1294-9142-4C98-81EE-699E5C20B50C}.Debug|Win32.ActiveCfg = Debug|Win32
		{B05E1294-9142-4C98-81EE-699E5C20B50C}.Debug|Win32.Build.0 = Debug|Win32
		{B05E1294-9142-4C98-81EE-699E5C20B50C}.Release|Win32.ActiveCfg = Release|Win32
		{B05E1294-9142-4C98-81EE-699E5C20B50C}.Release|Win32.Build.0 = Release|Win32
		{2C4E88EC-66B2-4BBF-A5BF-772449A0FB98}.Debug|Win32.ActiveCfg = Debug|Win32
		{2C4E88EC-66B2-4BBF-A5BF-772449A0FB98}.Debug|Win32.Build.0 = Debug|Win32
		{2C4E88EC-66B2-4BBF-A5BF-772449A0FB98}.Release|Win32.ActiveCfg = Release|Win32
		{2C4E88EC-66B2-4BBF-A5BF-772449A0FB98}.Release|Win32.Build.0 = Release|Win32
	EndGlobalSection
	GlobalSection(SolutionProperties) = preSolution
		HideSolutionNode = FALSE
	EndGlobalSection
EndGlobal
